
Microsoft Visual Studio Solution File, Format Version 12.00
# Visual Studio Version 16
VisualStudioVersion = 16.0.29009.5
MinimumVisualStudioVersion = 10.0.40219.1
Project("{F184B08F-C81C-45F6-A57F-5ABD9991F28F}") = "LiveChartsWinFormVb", "LiveChartsWinFormVb.vbproj", "{341985FF-30B6-405C-98E9-1F657ED10130}"
EndProject
Global
	GlobalSection(SolutionConfigurationPlatforms) = preSolution
		Debug|Any CPU = Debug|Any CPU
		Release|Any CPU = Release|Any CPU
	EndGlobalSection
	GlobalSection(ProjectConfigurationPlatforms) = postSolution
		{341985FF-30B6-405C-98E9-1F657ED10130}.Debug|Any CPU.ActiveCfg = Debug|Any CPU
		{341985FF-30B6-405C-98E9-1F657ED10130}.Debug|Any CPU.Build.0 = Debug|Any CPU
		{341985FF-30B6-405C-98E9-1F657ED10130}.Release|Any CPU.ActiveCfg = Release|Any CPU
		{341985FF-30B6-405C-98E9-1F657ED10130}.Release|Any CPU.Build.0 = Release|Any CPU
	EndGlobalSection
	GlobalSection(SolutionProperties) = preSolution
		HideSolutionNode = FALSE
	EndGlobalSection
	GlobalSection(ExtensibilityGlobals) = postSolution
		SolutionGuid = {B6763F35-7149-4097-9141-644168EDD173}
	EndGlobalSection
EndGlobal
